
Microsoft Visual Studio Solution File, Format Version 12.00
# Visual Studio Version 16
VisualStudioVersion = 16.0.31424.327
MinimumVisualStudioVersion = 10.0.40219.1
Project("{FAE04EC0-301F-11D3-BF4B-00C04F79EFBC}") = "SystemClockRemake", "SystemClockRemake\SystemClockRemake.csproj", "{7D28A0F3-EB9D-4428-B39D-F48BB2436D94}"
EndProject
Global
	GlobalSection(SolutionConfigurationPlatforms) = preSolution
		Debug|Any CPU = Debug|Any CPU
		Release|Any CPU = Release|Any CPU
	EndGlobalSection
	GlobalSection(ProjectConfigurationPlatforms) = postSolution
		{7D28A0F3-EB9D-4428-B39D-F48BB2436D94}.Debug|Any CPU.ActiveCfg = Debug|Any CPU
		{7D28A0F3-EB9D-4428-B39D-F48BB2436D94}.Debug|Any CPU.Build.0 = Debug|Any CPU
		{7D28A0F3-EB9D-4428-B39D-F48BB2436D94}.Release|Any CPU.ActiveCfg = Release|Any CPU
		{7D28A0F3-EB9D-4428-B39D-F48BB2436D94}.Release|Any CPU.Build.0 = Release|Any CPU
	EndGlobalSection
	GlobalSection(SolutionProperties) = preSolution
		HideSolutionNode = FALSE
	EndGlobalSection
	GlobalSection(ExtensibilityGlobals) = postSolution
		SolutionGuid = {EBE302D1-A4FB-4EEB-B850-9273D5FC55CE}
	EndGlobalSection
EndGlobal
